
Microsoft Visual Studio Solution File, Format Version 12.00
# Visual Studio Version 16
VisualStudioVersion = 16.0.29411.138
MinimumVisualStudioVersion = 10.0.40219.1
Project("{9A19103F-16F7-4668-BE54-9A1E7A4F7556}") = "BlazorToDoList", "BlazorToDoList.csproj", "{5DD06704-2F15-4A83-ABAF-F6F0A0B16C9B}"
EndProject
Global
	GlobalSection(SolutionConfigurationPlatforms) = preSolution
		Debug|Any CPU = Debug|Any CPU
		Release|Any CPU = Release|Any CPU
	EndGlobalSection
	GlobalSection(ProjectConfigurationPlatforms) = postSolution
		{5DD06704-2F15-4A83-ABAF-F6F0A0B16C9B}.Debug|Any CPU.ActiveCfg = Debug|Any CPU
		{5DD06704-2F15-4A83-ABAF-F6F0A0B16C9B}.Debug|Any CPU.Build.0 = Debug|Any CPU
		{5DD06704-2F15-4A83-ABAF-F6F0A0B16C9B}.Release|Any CPU.ActiveCfg = Release|Any CPU
		{5DD06704-2F15-4A83-ABAF-F6F0A0B16C9B}.Release|Any CPU.Build.0 = Release|Any CPU
	EndGlobalSection
	GlobalSection(SolutionProperties) = preSolution
		HideSolutionNode = FALSE
	EndGlobalSection
	GlobalSection(ExtensibilityGlobals) = postSolution
		SolutionGuid = {336C1021-9705-477E-922E-72A13DDF6792}
	EndGlobalSection
EndGlobal
