
Microsoft Visual Studio Solution File, Format Version 12.00
# Visual Studio Version 17
VisualStudioVersion = 17.12.35209.166
MinimumVisualStudioVersion = 10.0.40219.1
Project("{FAE04EC0-301F-11D3-BF4B-00C04F79EFBC}") = "BlazorApp", "BlazorApp\BlazorApp.csproj", "{36C890F8-D78F-4B3B-987A-B8DE428ACC98}"
EndProject
Project("{FAE04EC0-301F-11D3-BF4B-00C04F79EFBC}") = "RazorCLib", "RazorCLib\RazorCLib.csproj", "{BCE4D933-71C8-480E-802E-4271FDFC9435}"
EndProject
Project("{FAE04EC0-301F-11D3-BF4B-00C04F79EFBC}") = "MauiAppHybrid", "MauiAppHybrid\MauiAppHybrid.csproj", "{7592C398-2E49-47E3-9256-64F6589A8368}"
EndProject
Global
	GlobalSection(SolutionConfigurationPlatforms) = preSolution
		Debug|Any CPU = Debug|Any CPU
		Release|Any CPU = Release|Any CPU
	EndGlobalSection
	GlobalSection(ProjectConfigurationPlatforms) = postSolution
		{36C890F8-D78F-4B3B-987A-B8DE428ACC98}.Debug|Any CPU.ActiveCfg = Debug|Any CPU
		{36C890F8-D78F-4B3B-987A-B8DE428ACC98}.Debug|Any CPU.Build.0 = Debug|Any CPU
		{36C890F8-D78F-4B3B-987A-B8DE428ACC98}.Release|Any CPU.ActiveCfg = Release|Any CPU
		{36C890F8-D78F-4B3B-987A-B8DE428ACC98}.Release|Any CPU.Build.0 = Release|Any CPU
		{BCE4D933-71C8-480E-802E-4271FDFC9435}.Debug|Any CPU.ActiveCfg = Debug|Any CPU
		{BCE4D933-71C8-480E-802E-4271FDFC9435}.Debug|Any CPU.Build.0 = Debug|Any CPU
		{BCE4D933-71C8-480E-802E-4271FDFC9435}.Release|Any CPU.ActiveCfg = Release|Any CPU
		{BCE4D933-71C8-480E-802E-4271FDFC9435}.Release|Any CPU.Build.0 = Release|Any CPU
		{7592C398-2E49-47E3-9256-64F6589A8368}.Debug|Any CPU.ActiveCfg = Debug|Any CPU
		{7592C398-2E49-47E3-9256-64F6589A8368}.Debug|Any CPU.Build.0 = Debug|Any CPU
		{7592C398-2E49-47E3-9256-64F6589A8368}.Debug|Any CPU.Deploy.0 = Debug|Any CPU
		{7592C398-2E49-47E3-9256-64F6589A8368}.Release|Any CPU.ActiveCfg = Release|Any CPU
		{7592C398-2E49-47E3-9256-64F6589A8368}.Release|Any CPU.Build.0 = Release|Any CPU
		{7592C398-2E49-47E3-9256-64F6589A8368}.Release|Any CPU.Deploy.0 = Release|Any CPU
	EndGlobalSection
	GlobalSection(SolutionProperties) = preSolution
		HideSolutionNode = FALSE
	EndGlobalSection
	GlobalSection(ExtensibilityGlobals) = postSolution
		SolutionGuid = {25E3A014-7B16-45B5-8304-22538608E228}
	EndGlobalSection
EndGlobal
